{
  "name": "@joinflux/capacitor-firebase-dynamic-links",
  "version": "0.1.0",
  "lockfileVersion": 1,
  "requires": true,
  "dependencies": {
    "@capacitor/android": {
      "version": "3.4.3",
      "resolved": "https://registry.npmjs.org/@capacitor/android/-/android-3.4.3.tgz",
      "integrity": "sha512-G/6+mbOde9LMWl5KvA5rB/xEQF05sKrQFMBwo8y3C8pYF+axtcrS0Dgze9rOB7nCjH4NXv/bLw58E9+q8/sQUA==",
      "dev": true
    },
    "@capacitor/core": {
      "version": "3.1.2",
      "resolved": "https://registry.npmjs.org/@capacitor/core/-/core-3.1.2.tgz",
      "integrity": "sha512-cMqDY4JTNtyonqVPYxHqbmN3M3jlEBnQxecptlR+6yk/ZuhUwOJTHT1ActXRLyrQ8XIc74+9Yd37fwjWckSwFg==",
      "requires": {
        "tslib": "^2.1.0"
      }
    },
    "@capacitor/ios": {
      "version": "3.4.3",
      "resolved": "https://registry.npmjs.org/@capacitor/ios/-/ios-3.4.3.tgz",
      "integrity": "sha512-WG6LHzkclYfiF8yBty31j256SD8XmNN1FlOiJUVeu5wz9gM4vw8FpTYIkj2VJoiBnQiB/OWotfnJp2Mp1Rfbtg==",
      "dev": true
    },
    "tslib": {
      "version": "2.3.1",
      "resolved": "https://registry.npmjs.org/tslib/-/tslib-2.3.1.tgz",
      "integrity": "sha512-77EbyPPpMz+FRFRuAFlWMtmgUWGe9UOG2Z25NqCwiIjRhOf5iKGuzSe5P2w1laq+FkRy4p+PCuVkJSGkzTEKVw=="
    },
    "typescript": {
      "version": "4.6.3",
      "resolved": "https://registry.npmjs.org/typescript/-/typescript-4.6.3.tgz",
      "integrity": "sha512-yNIatDa5iaofVozS/uQJEl3JRWLKKGJKh6Yaiv0GLGSuhpFJe7P3SbHZ8/yjAHRQwKRoA6YZqlfjXWmVzoVSMw==",
      "dev": true
    }
  }
}
